
Microsoft Visual Studio Solution File, Format Version 12.00
# Visual Studio Version 17
VisualStudioVersion = 17.14.36127.28 d17.14
MinimumVisualStudioVersion = 10.0.40219.1
Project("{FAE04EC0-301F-11D3-BF4B-00C04F79EFBC}") = "Galeri_Otomasyonu", "Galeri_Otomasyonu\Galeri_Otomasyonu.csproj", "{C559C1B8-A8CB-4E9A-B1E8-0C14927838D4}"
EndProject
Global
	GlobalSection(SolutionConfigurationPlatforms) = preSolution
		Debug|Any CPU = Debug|Any CPU
		Release|Any CPU = Release|Any CPU
	EndGlobalSection
	GlobalSection(ProjectConfigurationPlatforms) = postSolution
		{C559C1B8-A8CB-4E9A-B1E8-0C14927838D4}.Debug|Any CPU.ActiveCfg = Debug|Any CPU
		{C559C1B8-A8CB-4E9A-B1E8-0C14927838D4}.Debug|Any CPU.Build.0 = Debug|Any CPU
		{C559C1B8-A8CB-4E9A-B1E8-0C14927838D4}.Release|Any CPU.ActiveCfg = Release|Any CPU
		{C559C1B8-A8CB-4E9A-B1E8-0C14927838D4}.Release|Any CPU.Build.0 = Release|Any CPU
	EndGlobalSection
	GlobalSection(SolutionProperties) = preSolution
		HideSolutionNode = FALSE
	EndGlobalSection
	GlobalSection(ExtensibilityGlobals) = postSolution
		SolutionGuid = {F118D1D7-160F-4A6F-AE9C-FA3323639563}
	EndGlobalSection
EndGlobal
